
Microsoft Visual Studio Solution File, Format Version 12.00
Project("{FAE04EC0-301F-11D3-BF4B-00C04F79EFBC}") = "CsvCheetah", "CsvCheetah\CsvCheetah.csproj", "{0D4CD3D7-3865-4DD1-8399-D9F7F595B1DB}"
EndProject
Project("{FAE04EC0-301F-11D3-BF4B-00C04F79EFBC}") = "CsvCheetah.Tests", "CsvCheetah.Tests\CsvCheetah.Tests.csproj", "{FA127E3E-77EF-48E6-96EB-513AEC476E7B}"
EndProject
Global
	GlobalSection(SolutionConfigurationPlatforms) = preSolution
		Debug|Any CPU = Debug|Any CPU
		Release|Any CPU = Release|Any CPU
	EndGlobalSection
	GlobalSection(ProjectConfigurationPlatforms) = postSolution
		{0D4CD3D7-3865-4DD1-8399-D9F7F595B1DB}.Debug|Any CPU.ActiveCfg = Debug|Any CPU
		{0D4CD3D7-3865-4DD1-8399-D9F7F595B1DB}.Debug|Any CPU.Build.0 = Debug|Any CPU
		{0D4CD3D7-3865-4DD1-8399-D9F7F595B1DB}.Release|Any CPU.ActiveCfg = Release|Any CPU
		{0D4CD3D7-3865-4DD1-8399-D9F7F595B1DB}.Release|Any CPU.Build.0 = Release|Any CPU
		{FA127E3E-77EF-48E6-96EB-513AEC476E7B}.Debug|Any CPU.ActiveCfg = Debug|Any CPU
		{FA127E3E-77EF-48E6-96EB-513AEC476E7B}.Debug|Any CPU.Build.0 = Debug|Any CPU
		{FA127E3E-77EF-48E6-96EB-513AEC476E7B}.Release|Any CPU.ActiveCfg = Release|Any CPU
		{FA127E3E-77EF-48E6-96EB-513AEC476E7B}.Release|Any CPU.Build.0 = Release|Any CPU
	EndGlobalSection
EndGlobal
